// !$*UTF8*$!
{
	archiveVersion = 1;
	classes = {
	};
	objectVersion = 50;
	objects = {

/* Begin PBXBuildFile section */
		652FE0D52547493700F5DFA8 /* TimeoutDemoVC.swift in Sources */ = {isa = PBXBuildFile; fileRef = 652FE0D42547493700F5DFA8 /* TimeoutDemoVC.swift */; };
		652FE0D82547F3CF00F5DFA8 /* SimpleDemoVC.swift in Sources */ = {isa = PBXBuildFile; fileRef = 652FE0D72547F3CE00F5DFA8 /* SimpleDemoVC.swift */; };
		65DC54D92545414300FF0038 /* AppDelegate.swift in Sources */ = {isa = PBXBuildFile; fileRef = 65DC54D82545414300FF0038 /* AppDelegate.swift */; };
		65DC54DB2545414300FF0038 /* SceneDelegate.swift in Sources */ = {isa = PBXBuildFile; fileRef = 65DC54DA2545414300FF0038 /* SceneDelegate.swift */; };
		65DC54DD2545414300FF0038 /* MainVC.swift in Sources */ = {isa = PBXBuildFile; fileRef = 65DC54DC2545414300FF0038 /* MainVC.swift */; };
		65DC54E02545414300FF0038 /* Main.storyboard in Resources */ = {isa = PBXBuildFile; fileRef = 65DC54DE2545414300FF0038 /* Main.storyboard */; };
		65DC54E22545414600FF0038 /* Assets.xcassets in Resources */ = {isa = PBXBuildFile; fileRef = 65DC54E12545414600FF0038 /* Assets.xcassets */; };
		65DC54E52545414600FF0038 /* LaunchScreen.storyboard in Resources */ = {isa = PBXBuildFile; fileRef = 65DC54E32545414600FF0038 /* LaunchScreen.storyboard */; };
		65DC54F0254542E300FF0038 /* UploadTaskDemoVC.swift in Sources */ = {isa = PBXBuildFile; fileRef = 65DC54EF254542E300FF0038 /* UploadTaskDemoVC.swift */; };
		65DC54F6254576D000FF0038 /* BaseVC.swift in Sources */ = {isa = PBXBuildFile; fileRef = 65DC54F5254576D000FF0038 /* BaseVC.swift */; };
		65DC54F82545B9B800FF0038 /* ForceUpdateDemoVC.swift in Sources */ = {isa = PBXBuildFile; fileRef = 65DC54F72545B9B800FF0038 /* ForceUpdateDemoVC.swift */; };
/* End PBXBuildFile section */

/* Begin PBXFileReference section */
		652FE0D42547493700F5DFA8 /* TimeoutDemoVC.swift */ = {isa = PBXFileReference; lastKnownFileType = sourcecode.swift; path = TimeoutDemoVC.swift; sourceTree = "<group>"; };
		652FE0D72547F3CE00F5DFA8 /* SimpleDemoVC.swift */ = {isa = PBXFileReference; lastKnownFileType = sourcecode.swift; path = SimpleDemoVC.swift; sourceTree = "<group>"; };
		65DC54D52545414300FF0038 /* SemaphoreDemo.app */ = {isa = PBXFileReference; explicitFileType = wrapper.application; includeInIndex = 0; path = SemaphoreDemo.app; sourceTree = BUILT_PRODUCTS_DIR; };
		65DC54D82545414300FF0038 /* AppDelegate.swift */ = {isa = PBXFileReference; lastKnownFileType = sourcecode.swift; path = AppDelegate.swift; sourceTree = "<group>"; };
		65DC54DA2545414300FF0038 /* SceneDelegate.swift */ = {isa = PBXFileReference; lastKnownFileType = sourcecode.swift; path = SceneDelegate.swift; sourceTree = "<group>"; };
		65DC54DC2545414300FF0038 /* MainVC.swift */ = {isa = PBXFileReference; lastKnownFileType = sourcecode.swift; path = MainVC.swift; sourceTree = "<group>"; };
		65DC54DF2545414300FF0038 /* Base */ = {isa = PBXFileReference; lastKnownFileType = file.storyboard; name = Base; path = Base.lproj/Main.storyboard; sourceTree = "<group>"; };
		65DC54E12545414600FF0038 /* Assets.xcassets */ = {isa = PBXFileReference; lastKnownFileType = folder.assetcatalog; path = Assets.xcassets; sourceTree = "<group>"; };
		65DC54E42545414600FF0038 /* Base */ = {isa = PBXFileReference; lastKnownFileType = file.storyboard; name = Base; path = Base.lproj/LaunchScreen.storyboard; sourceTree = "<group>"; };
		65DC54E62545414600FF0038 /* Info.plist */ = {isa = PBXFileReference; lastKnownFileType = text.plist.xml; path = Info.plist; sourceTree = "<group>"; };
		65DC54EF254542E300FF0038 /* UploadTaskDemoVC.swift */ = {isa = PBXFileReference; lastKnownFileType = sourcecode.swift; path = UploadTaskDemoVC.swift; sourceTree = "<group>"; };
		65DC54F5254576D000FF0038 /* BaseVC.swift */ = {isa = PBXFileReference; lastKnownFileType = sourcecode.swift; path = BaseVC.swift; sourceTree = "<group>"; };
		65DC54F72545B9B800FF0038 /* ForceUpdateDemoVC.swift */ = {isa = PBXFileReference; lastKnownFileType = sourcecode.swift; path = ForceUpdateDemoVC.swift; sourceTree = "<group>"; };
/* End PBXFileReference section */

/* Begin PBXFrameworksBuildPhase section */
		65DC54D22545414300FF0038 /* Frameworks */ = {
			isa = PBXFrameworksBuildPhase;
			buildActionMask = 2147483647;
			files = (
			);
			runOnlyForDeploymentPostprocessing = 0;
		};
/* End PBXFrameworksBuildPhase section */

/* Begin PBXGroup section */
		652FE0D32547491600F5DFA8 /* Timeout */ = {
			isa = PBXGroup;
			children = (
				652FE0D42547493700F5DFA8 /* TimeoutDemoVC.swift */,
			);
			path = Timeout;
			sourceTree = "<group>";
		};
		652FE0D62547EF4300F5DFA8 /* SimpleDemo */ = {
			isa = PBXGroup;
			children = (
				652FE0D72547F3CE00F5DFA8 /* SimpleDemoVC.swift */,
			);
			path = SimpleDemo;
			sourceTree = "<group>";
		};
		65DC54CC2545414300FF0038 = {
			isa = PBXGroup;
			children = (
				65DC54D72545414300FF0038 /* SemaphoreDemo */,
				65DC54D62545414300FF0038 /* Products */,
			);
			sourceTree = "<group>";
		};
		65DC54D62545414300FF0038 /* Products */ = {
			isa = PBXGroup;
			children = (
				65DC54D52545414300FF0038 /* SemaphoreDemo.app */,
			);
			name = Products;
			sourceTree = "<group>";
		};
		65DC54D72545414300FF0038 /* SemaphoreDemo */ = {
			isa = PBXGroup;
			children = (
				65DC54D82545414300FF0038 /* AppDelegate.swift */,
				65DC54DA2545414300FF0038 /* SceneDelegate.swift */,
				65DC54ED254541AE00FF0038 /* UIs */,
				65DC54EC2545418200FF0038 /* AssestFiles */,
			);
			path = SemaphoreDemo;
			sourceTree = "<group>";
		};
		65DC54EC2545418200FF0038 /* AssestFiles */ = {
			isa = PBXGroup;
			children = (
				65DC54E12545414600FF0038 /* Assets.xcassets */,
				65DC54E62545414600FF0038 /* Info.plist */,
			);
			path = AssestFiles;
			sourceTree = "<group>";
		};
		65DC54ED254541AE00FF0038 /* UIs */ = {
			isa = PBXGroup;
			children = (
				65DC54DC2545414300FF0038 /* MainVC.swift */,
				65DC54F5254576D000FF0038 /* BaseVC.swift */,
				652FE0D62547EF4300F5DFA8 /* SimpleDemo */,
				65DC54F92545B9BD00FF0038 /* OrderTask */,
				65DC54F32545767900FF0038 /* BatchTasks */,
				652FE0D32547491600F5DFA8 /* Timeout */,
				65DC54EE254541B600FF0038 /* SBs */,
			);
			path = UIs;
			sourceTree = "<group>";
		};
		65DC54EE254541B600FF0038 /* SBs */ = {
			isa = PBXGroup;
			children = (
				65DC54DE2545414300FF0038 /* Main.storyboard */,
				65DC54E32545414600FF0038 /* LaunchScreen.storyboard */,
			);
			path = SBs;
			sourceTree = "<group>";
		};
		65DC54F32545767900FF0038 /* BatchTasks */ = {
			isa = PBXGroup;
			children = (
				65DC54EF254542E300FF0038 /* UploadTaskDemoVC.swift */,
			);
			path = BatchTasks;
			sourceTree = "<group>";
		};
		65DC54F92545B9BD00FF0038 /* OrderTask */ = {
			isa = PBXGroup;
			children = (
				65DC54F72545B9B800FF0038 /* ForceUpdateDemoVC.swift */,
			);
			path = OrderTask;
			sourceTree = "<group>";
		};
/* End PBXGroup section */

/* Begin PBXNativeTarget section */
		65DC54D42545414300FF0038 /* SemaphoreDemo */ = {
			isa = PBXNativeTarget;
			buildConfigurationList = 65DC54E92545414600FF0038 /* Build configuration list for PBXNativeTarget "SemaphoreDemo" */;
			buildPhases = (
				65DC54D12545414300FF0038 /* Sources */,
				65DC54D22545414300FF0038 /* Frameworks */,
				65DC54D32545414300FF0038 /* Resources */,
			);
			buildRules = (
			);
			dependencies = (
			);
			name = SemaphoreDemo;
			productName = SemaphoreDemo;
			productReference = 65DC54D52545414300FF0038 /* SemaphoreDemo.app */;
			productType = "com.apple.product-type.application";
		};
/* End PBXNativeTarget section */

/* Begin PBXProject section */
		65DC54CD2545414300FF0038 /* Project object */ = {
			isa = PBXProject;
			attributes = {
				LastSwiftUpdateCheck = 1150;
				LastUpgradeCheck = 1150;
				ORGANIZATIONNAME = "倪僑德";
				TargetAttributes = {
					65DC54D42545414300FF0038 = {
						CreatedOnToolsVersion = 11.5;
					};
				};
			};
			buildConfigurationList = 65DC54D02545414300FF0038 /* Build configuration list for PBXProject "SemaphoreDemo" */;
			compatibilityVersion = "Xcode 9.3";
			developmentRegion = en;
			hasScannedForEncodings = 0;
			knownRegions = (
				en,
				Base,
			);
			mainGroup = 65DC54CC2545414300FF0038;
			productRefGroup = 65DC54D62545414300FF0038 /* Products */;
			projectDirPath = "";
			projectRoot = "";
			targets = (
				65DC54D42545414300FF0038 /* SemaphoreDemo */,
			);
		};
/* End PBXProject section */

/* Begin PBXResourcesBuildPhase section */
		65DC54D32545414300FF0038 /* Resources */ = {
			isa = PBXResourcesBuildPhase;
			buildActionMask = 2147483647;
			files = (
				65DC54E52545414600FF0038 /* LaunchScreen.storyboard in Resources */,
				65DC54E22545414600FF0038 /* Assets.xcassets in Resources */,
				65DC54E02545414300FF0038 /* Main.storyboard in Resources */,
			);
			runOnlyForDeploymentPostprocessing = 0;
		};
/* End PBXResourcesBuildPhase section */

/* Begin PBXSourcesBuildPhase section */
		65DC54D12545414300FF0038 /* Sources */ = {
			isa = PBXSourcesBuildPhase;
			buildActionMask = 2147483647;
			files = (
				65DC54F0254542E300FF0038 /* UploadTaskDemoVC.swift in Sources */,
				65DC54F6254576D000FF0038 /* BaseVC.swift in Sources */,
				65DC54F82545B9B800FF0038 /* ForceUpdateDemoVC.swift in Sources */,
				652FE0D52547493700F5DFA8 /* TimeoutDemoVC.swift in Sources */,
				65DC54DD2545414300FF0038 /* MainVC.swift in Sources */,
				65DC54D92545414300FF0038 /* AppDelegate.swift in Sources */,
				65DC54DB2545414300FF0038 /* SceneDelegate.swift in Sources */,
				652FE0D82547F3CF00F5DFA8 /* SimpleDemoVC.swift in Sources */,
			);
			runOnlyForDeploymentPostprocessing = 0;
		};
/* End PBXSourcesBuildPhase section */

/* Begin PBXVariantGroup section */
		65DC54DE2545414300FF0038 /* Main.storyboard */ = {
			isa = PBXVariantGroup;
			children = (
				65DC54DF2545414300FF0038 /* Base */,
			);
			name = Main.storyboard;
			sourceTree = "<group>";
		};
		65DC54E32545414600FF0038 /* LaunchScreen.storyboard */ = {
			isa = PBXVariantGroup;
			children = (
				65DC54E42545414600FF0038 /* Base */,
			);
			name = LaunchScreen.storyboard;
			sourceTree = "<group>";
		};
/* End PBXVariantGroup section */

/* Begin XCBuildConfiguration section */
		65DC54E72545414600FF0038 /* Debug */ = {
			isa = XCBuildConfiguration;
			buildSettings = {
				ALWAYS_SEARCH_USER_PATHS = NO;
				CLANG_ANALYZER_NONNULL = YES;
				CLANG_ANALYZER_NUMBER_OBJECT_CONVERSION = YES_AGGRESSIVE;
				CLANG_CXX_LANGUAGE_STANDARD = "gnu++14";
				CLANG_CXX_LIBRARY = "libc++";
				CLANG_ENABLE_MODULES = YES;
				CLANG_ENABLE_OBJC_ARC = YES;
				CLANG_ENABLE_OBJC_WEAK = YES;
				CLANG_WARN_BLOCK_CAPTURE_AUTORELEASING = YES;
				CLANG_WARN_BOOL_CONVERSION = YES;
				CLANG_WARN_COMMA = YES;
				CLANG_WARN_CONSTANT_CONVERSION = YES;
				CLANG_WARN_DEPRECATED_OBJC_IMPLEMENTATIONS = YES;
				CLANG_WARN_DIRECT_OBJC_ISA_USAGE = YES_ERROR;
				CLANG_WARN_DOCUMENTATION_COMMENTS = YES;
				CLANG_WARN_EMPTY_BODY = YES;
				CLANG_WARN_ENUM_CONVERSION = YES;
				CLANG_WARN_INFINITE_RECURSION = YES;
				CLANG_WARN_INT_CONVERSION = YES;
				CLANG_WARN_NON_LITERAL_NULL_CONVERSION = YES;
				CLANG_WARN_OBJC_IMPLICIT_RETAIN_SELF = YES;
				CLANG_WARN_OBJC_LITERAL_CONVERSION = YES;
				CLANG_WARN_OBJC_ROOT_CLASS = YES_ERROR;
				CLANG_WARN_RANGE_LOOP_ANALYSIS = YES;
				CLANG_WARN_STRICT_PROTOTYPES = YES;
				CLANG_WARN_SUSPICIOUS_MOVE = YES;
				CLANG_WARN_UNGUARDED_AVAILABILITY = YES_AGGRESSIVE;
				CLANG_WARN_UNREACHABLE_CODE = YES;
				CLANG_WARN__DUPLICATE_METHOD_MATCH = YES;
				COPY_PHASE_STRIP = NO;
				DEBUG_INFORMATION_FORMAT = dwarf;
				ENABLE_STRICT_OBJC_MSGSEND = YES;
				ENABLE_TESTABILITY = YES;
				GCC_C_LANGUAGE_STANDARD = gnu11;
				GCC_DYNAMIC_NO_PIC = NO;
				GCC_NO_COMMON_BLOCKS = YES;
				GCC_OPTIMIZATION_LEVEL = 0;
				GCC_PREPROCESSOR_DEFINITIONS = (
					"DEBUG=1",
					"$(inherited)",
				);
				GCC_WARN_64_TO_32_BIT_CONVERSION = YES;
				GCC_WARN_ABOUT_RETURN_TYPE = YES_ERROR;
				GCC_WARN_UNDECLARED_SELECTOR = YES;
				GCC_WARN_UNINITIALIZED_AUTOS = YES_AGGRESSIVE;
				GCC_WARN_UNUSED_FUNCTION = YES;
				GCC_WARN_UNUSED_VARIABLE = YES;
				IPHONEOS_DEPLOYMENT_TARGET = 13.5;
				MTL_ENABLE_DEBUG_INFO = INCLUDE_SOURCE;
				MTL_FAST_MATH = YES;
				ONLY_ACTIVE_ARCH = YES;
				SDKROOT = iphoneos;
				SWIFT_ACTIVE_COMPILATION_CONDITIONS = DEBUG;
				SWIFT_OPTIMIZATION_LEVEL = "-Onone";
			};
			name = Debug;
		};
		65DC54E82545414600FF0038 /* Release */ = {
			isa = XCBuildConfiguration;
			buildSettings = {
				ALWAYS_SEARCH_USER_PATHS = NO;
				CLANG_ANALYZER_NONNULL = YES;
				CLANG_ANALYZER_NUMBER_OBJECT_CONVERSION = YES_AGGRESSIVE;
				CLANG_CXX_LANGUAGE_STANDARD = "gnu++14";
				CLANG_CXX_LIBRARY = "libc++";
				CLANG_ENABLE_MODULES = YES;
				CLANG_ENABLE_OBJC_ARC = YES;
				CLANG_ENABLE_OBJC_WEAK = YES;
				CLANG_WARN_BLOCK_CAPTURE_AUTORELEASING = YES;
				CLANG_WARN_BOOL_CONVERSION = YES;
				CLANG_WARN_COMMA = YES;
				CLANG_WARN_CONSTANT_CONVERSION = YES;
				CLANG_WARN_DEPRECATED_OBJC_IMPLEMENTATIONS = YES;
				CLANG_WARN_DIRECT_OBJC_ISA_USAGE = YES_ERROR;
				CLANG_WARN_DOCUMENTATION_COMMENTS = YES;
				CLANG_WARN_EMPTY_BODY = YES;
				CLANG_WARN_ENUM_CONVERSION = YES;
				CLANG_WARN_INFINITE_RECURSION = YES;
				CLANG_WARN_INT_CONVERSION = YES;
				CLANG_WARN_NON_LITERAL_NULL_CONVERSION = YES;
				CLANG_WARN_OBJC_IMPLICIT_RETAIN_SELF = YES;
				CLANG_WARN_OBJC_LITERAL_CONVERSION = YES;
				CLANG_WARN_OBJC_ROOT_CLASS = YES_ERROR;
				CLANG_WARN_RANGE_LOOP_ANALYSIS = YES;
				CLANG_WARN_STRICT_PROTOTYPES = YES;
				CLANG_WARN_SUSPICIOUS_MOVE = YES;
				CLANG_WARN_UNGUARDED_AVAILABILITY = YES_AGGRESSIVE;
				CLANG_WARN_UNREACHABLE_CODE = YES;
				CLANG_WARN__DUPLICATE_METHOD_MATCH = YES;
				COPY_PHASE_STRIP = NO;
				DEBUG_INFORMATION_FORMAT = "dwarf-with-dsym";
				ENABLE_NS_ASSERTIONS = NO;
				ENABLE_STRICT_OBJC_MSGSEND = YES;
				GCC_C_LANGUAGE_STANDARD = gnu11;
				GCC_NO_COMMON_BLOCKS = YES;
				GCC_WARN_64_TO_32_BIT_CONVERSION = YES;
				GCC_WARN_ABOUT_RETURN_TYPE = YES_ERROR;
				GCC_WARN_UNDECLARED_SELECTOR = YES;
				GCC_WARN_UNINITIALIZED_AUTOS = YES_AGGRESSIVE;
				GCC_WARN_UNUSED_FUNCTION = YES;
				GCC_WARN_UNUSED_VARIABLE = YES;
				IPHONEOS_DEPLOYMENT_TARGET = 13.5;
				MTL_ENABLE_DEBUG_INFO = NO;
				MTL_FAST_MATH = YES;
				SDKROOT = iphoneos;
				SWIFT_COMPILATION_MODE = wholemodule;
				SWIFT_OPTIMIZATION_LEVEL = "-O";
				VALIDATE_PRODUCT = YES;
			};
			name = Release;
		};
		65DC54EA2545414600FF0038 /* Debug */ = {
			isa = XCBuildConfiguration;
			buildSettings = {
				ASSETCATALOG_COMPILER_APPICON_NAME = AppIcon;
				CODE_SIGN_STYLE = Automatic;
				DEVELOPMENT_TEAM = 7Y4TPNE48W;
				INFOPLIST_FILE = SemaphoreDemo/AssestFiles/Info.plist;
				LD_RUNPATH_SEARCH_PATHS = (
					"$(inherited)",
					"@executable_path/Frameworks",
				);
				PRODUCT_BUNDLE_IDENTIFIER = com.iosTaipei.SemaphoreDemo.SemaphoreDemo;
				PRODUCT_NAME = "$(TARGET_NAME)";
				SWIFT_VERSION = 5.0;
				TARGETED_DEVICE_FAMILY = "1,2";
			};
			name = Debug;
		};
		65DC54EB2545414600FF0038 /* Release */ = {
			isa = XCBuildConfiguration;
			buildSettings = {
				ASSETCATALOG_COMPILER_APPICON_NAME = AppIcon;
				CODE_SIGN_STYLE = Automatic;
				DEVELOPMENT_TEAM = 7Y4TPNE48W;
				INFOPLIST_FILE = SemaphoreDemo/AssestFiles/Info.plist;
				LD_RUNPATH_SEARCH_PATHS = (
					"$(inherited)",
					"@executable_path/Frameworks",
				);
				PRODUCT_BUNDLE_IDENTIFIER = com.iosTaipei.SemaphoreDemo.SemaphoreDemo;
				PRODUCT_NAME = "$(TARGET_NAME)";
				SWIFT_VERSION = 5.0;
				TARGETED_DEVICE_FAMILY = "1,2";
			};
			name = Release;
		};
/* End XCBuildConfiguration section */

/* Begin XCConfigurationList section */
		65DC54D02545414300FF0038 /* Build configuration list for PBXProject "SemaphoreDemo" */ = {
			isa = XCConfigurationList;
			buildConfigurations = (
				65DC54E72545414600FF0038 /* Debug */,
				65DC54E82545414600FF0038 /* Release */,
			);
			defaultConfigurationIsVisible = 0;
			defaultConfigurationName = Release;
		};
		65DC54E92545414600FF0038 /* Build configuration list for PBXNativeTarget "SemaphoreDemo" */ = {
			isa = XCConfigurationList;
			buildConfigurations = (
				65DC54EA2545414600FF0038 /* Debug */,
				65DC54EB2545414600FF0038 /* Release */,
			);
			defaultConfigurationIsVisible = 0;
			defaultConfigurationName = Release;
		};
/* End XCConfigurationList section */
	};
	rootObject = 65DC54CD2545414300FF0038 /* Project object */;
}
